
Microsoft Visual Studio Solution File, Format Version 12.00
# Visual Studio 15
Project("{FAE04EC0-301F-11D3-BF4B-00C04F79EFBC}") = "LeapMotion", "LeapMotion.csproj", "{073412AF-74AD-C0D0-4215-C837F5904047}"
EndProject
Project("{FAE04EC0-301F-11D3-BF4B-00C04F79EFBC}") = "LeapMotion.LeapCSharp", "LeapMotion.LeapCSharp.csproj", "{66EDE47C-24BA-34CE-EB8B-3F2700D28418}"
EndProject
Project("{FAE04EC0-301F-11D3-BF4B-00C04F79EFBC}") = "Assembly-CSharp-firstpass", "Assembly-CSharp-firstpass.csproj", "{41B6F9F3-C53F-EC93-6C3D-50255EB6F682}"
EndProject
Project("{FAE04EC0-301F-11D3-BF4B-00C04F79EFBC}") = "Assembly-CSharp", "Assembly-CSharp.csproj", "{59B5CCB8-3045-5F8E-087F-FFDF89D9F913}"
EndProject
Project("{FAE04EC0-301F-11D3-BF4B-00C04F79EFBC}") = "Assembly-CSharp-Editor-firstpass", "Assembly-CSharp-Editor-firstpass.csproj", "{8CF40800-422F-DC38-6B10-3EB120656AF3}"
EndProject
Global
	GlobalSection(SolutionConfigurationPlatforms) = preSolution
		Debug|Any CPU = Debug|Any CPU
		Release|Any CPU = Release|Any CPU
	EndGlobalSection
	GlobalSection(ProjectConfigurationPlatforms) = postSolution
		{073412AF-74AD-C0D0-4215-C837F5904047}.Debug|Any CPU.ActiveCfg = Debug|Any CPU
		{073412AF-74AD-C0D0-4215-C837F5904047}.Debug|Any CPU.Build.0 = Debug|Any CPU
		{073412AF-74AD-C0D0-4215-C837F5904047}.Release|Any CPU.ActiveCfg = Release|Any CPU
		{073412AF-74AD-C0D0-4215-C837F5904047}.Release|Any CPU.Build.0 = Release|Any CPU
		{66EDE47C-24BA-34CE-EB8B-3F2700D28418}.Debug|Any CPU.ActiveCfg = Debug|Any CPU
		{66EDE47C-24BA-34CE-EB8B-3F2700D28418}.Debug|Any CPU.Build.0 = Debug|Any CPU
		{66EDE47C-24BA-34CE-EB8B-3F2700D28418}.Release|Any CPU.ActiveCfg = Release|Any CPU
		{66EDE47C-24BA-34CE-EB8B-3F2700D28418}.Release|Any CPU.Build.0 = Release|Any CPU
		{41B6F9F3-C53F-EC93-6C3D-50255EB6F682}.Debug|Any CPU.ActiveCfg = Debug|Any CPU
		{41B6F9F3-C53F-EC93-6C3D-50255EB6F682}.Debug|Any CPU.Build.0 = Debug|Any CPU
		{41B6F9F3-C53F-EC93-6C3D-50255EB6F682}.Release|Any CPU.ActiveCfg = Release|Any CPU
		{41B6F9F3-C53F-EC93-6C3D-50255EB6F682}.Release|Any CPU.Build.0 = Release|Any CPU
		{59B5CCB8-3045-5F8E-087F-FFDF89D9F913}.Debug|Any CPU.ActiveCfg = Debug|Any CPU
		{59B5CCB8-3045-5F8E-087F-FFDF89D9F913}.Debug|Any CPU.Build.0 = Debug|Any CPU
		{59B5CCB8-3045-5F8E-087F-FFDF89D9F913}.Release|Any CPU.ActiveCfg = Release|Any CPU
		{59B5CCB8-3045-5F8E-087F-FFDF89D9F913}.Release|Any CPU.Build.0 = Release|Any CPU
		{8CF40800-422F-DC38-6B10-3EB120656AF3}.Debug|Any CPU.ActiveCfg = Debug|Any CPU
		{8CF40800-422F-DC38-6B10-3EB120656AF3}.Debug|Any CPU.Build.0 = Debug|Any CPU
		{8CF40800-422F-DC38-6B10-3EB120656AF3}.Release|Any CPU.ActiveCfg = Release|Any CPU
		{8CF40800-422F-DC38-6B10-3EB120656AF3}.Release|Any CPU.Build.0 = Release|Any CPU
	EndGlobalSection
	GlobalSection(SolutionProperties) = preSolution
		HideSolutionNode = FALSE
	EndGlobalSection
EndGlobal
